{
  "version": 4,
  "terraform_version": "1.2.5",
  "serial": 155,
  "lineage": "17241db5-c51d-4026-edcf-3940d3c0658f",
  "outputs": {
    "ip": {
      "value": "34.231.122.132",
      "type": "string"
    },
    "lb_address": {
      "value": "terraform-example-alb-1913825678.us-east-1.elb.amazonaws.com",
      "type": "string"
    }
  },
  "resources": [
    {
      "mode": "data",
      "type": "template_file",
      "name": "init1",
      "provider": "provider[\"registry.terraform.io/hashicorp/template\"]",
      "instances": [
        {
          "schema_version": 0,
          "attributes": {
            "filename": null,
            "id": "525ea0b88eef7b1ee10cf996a6fbcc4139e7d1ae9dac2ea482ae9f9958192c1a",
            "rendered": "#!/bin/bash\n\n# Install necessary dependencies\nsudo yum -y install git\nsudo yum update -y\nsudo amazon-linux-extras install -y lamp-mariadb10.2-php7.2 php7.2\nsudo yum install -y httpd mariadb-server\nsudo systemctl start httpd\nsudo systemctl enable httpd\nsudo usermod -a -G apache ec2-user\nsudo chown -R ec2-user:apache /var/www\nsudo chmod 2775 /var/www\ncd /var/www\nmkdir inc\ncd inc\necho \"\u003c?php\ndefine('DB_SERVER', 'terraform-20220723012040691800000001.crq5gsjduwmx.us-east-1.rds.amazonaws.com:3306');\ndefine('DB_USERNAME', 'testdb');\ndefine('DB_PASSWORD', 'welcome123');\ndefine('DB_DATABASE', 'newdb');\n?\u003e\" \u003e dbinfo.inc\n\nsudo git clone https://github.com/arin7637/terraform-code-rds.git \u0026\u0026 cd terraform-code-rds\nsudo cp SamplePage.php index.html  /var/www/html/\n",
            "template": "#!/bin/bash\n\n# Install necessary dependencies\nsudo yum -y install git\nsudo yum update -y\nsudo amazon-linux-extras install -y lamp-mariadb10.2-php7.2 php7.2\nsudo yum install -y httpd mariadb-server\nsudo systemctl start httpd\nsudo systemctl enable httpd\nsudo usermod -a -G apache ec2-user\nsudo chown -R ec2-user:apache /var/www\nsudo chmod 2775 /var/www\ncd /var/www\nmkdir inc\ncd inc\necho \"\u003c?php\ndefine('DB_SERVER', '${rds_endpoint}');\ndefine('DB_USERNAME', '${user}');\ndefine('DB_PASSWORD', '${password}');\ndefine('DB_DATABASE', '${dbname}');\n?\u003e\" \u003e dbinfo.inc\n\nsudo git clone https://github.com/arin7637/terraform-code-rds.git \u0026\u0026 cd terraform-code-rds\nsudo cp SamplePage.php index.html  /var/www/html/\n",
            "vars": {
              "dbname": "newdb",
              "password": "welcome123",
              "rds_endpoint": "terraform-20220723012040691800000001.crq5gsjduwmx.us-east-1.rds.amazonaws.com:3306",
              "user": "testdb"
            }
          },
          "sensitive_attributes": []
        }
      ]
    },
    {
      "mode": "managed",
      "type": "aws_alb",
      "name": "alb",
      "provider": "provider[\"registry.terraform.io/hashicorp/aws\"]",
      "instances": [
        {
          "schema_version": 0,
          "attributes": {
            "access_logs": [
              {
                "bucket": "",
                "enabled": false,
                "prefix": ""
              }
            ],
            "arn": "arn:aws:elasticloadbalancing:us-east-1:016855041664:loadbalancer/app/terraform-example-alb/2c6bc70412814b79",
            "arn_suffix": "app/terraform-example-alb/2c6bc70412814b79",
            "customer_owned_ipv4_pool": "",
            "desync_mitigation_mode": "defensive",
            "dns_name": "terraform-example-alb-1913825678.us-east-1.elb.amazonaws.com",
            "drop_invalid_header_fields": false,
            "enable_cross_zone_load_balancing": null,
            "enable_deletion_protection": false,
            "enable_http2": true,
            "enable_waf_fail_open": false,
            "id": "arn:aws:elasticloadbalancing:us-east-1:016855041664:loadbalancer/app/terraform-example-alb/2c6bc70412814b79",
            "idle_timeout": 60,
            "internal": false,
            "ip_address_type": "ipv4",
            "load_balancer_type": "application",
            "name": "terraform-example-alb",
            "name_prefix": null,
            "security_groups": [
              "sg-02af1a3749d6ba234"
            ],
            "subnet_mapping": [
              {
                "allocation_id": "",
                "ipv6_address": "",
                "outpost_id": "",
                "private_ipv4_address": "",
                "subnet_id": "subnet-05cddc9fb8b0e7f42"
              },
              {
                "allocation_id": "",
                "ipv6_address": "",
                "outpost_id": "",
                "private_ipv4_address": "",
                "subnet_id": "subnet-0c185940f84f1420d"
              }
            ],
            "subnets": [
              "subnet-05cddc9fb8b0e7f42",
              "subnet-0c185940f84f1420d"
            ],
            "tags": {
              "Name": "CloudBhai-example-alb"
            },
            "tags_all": {
              "Name": "CloudBhai-example-alb"
            },
            "timeouts": null,
            "vpc_id": "vpc-09a2560ab5bdeced8",
            "zone_id": "Z35SXDOTRQ7X7K"
          },
          "sensitive_attributes": [],
          "private": "eyJlMmJmYjczMC1lY2FhLTExZTYtOGY4OC0zNDM2M2JjN2M0YzAiOnsiY3JlYXRlIjo2MDAwMDAwMDAwMDAsImRlbGV0ZSI6NjAwMDAwMDAwMDAwLCJ1cGRhdGUiOjYwMDAwMDAwMDAwMH19",
          "dependencies": [
            "aws_security_group.alb",
            "aws_subnet.web_subnet2",
            "aws_subnet.web_subnet3",
            "aws_vpc.vpc"
          ]
        }
      ]
    },
    {
      "mode": "managed",
      "type": "aws_alb_listener",
      "name": "listener_http",
      "provider": "provider[\"registry.terraform.io/hashicorp/aws\"]",
      "instances": [
        {
          "schema_version": 0,
          "attributes": {
            "alpn_policy": null,
            "arn": "arn:aws:elasticloadbalancing:us-east-1:016855041664:listener/app/terraform-example-alb/2c6bc70412814b79/627bf042695ed060",
            "certificate_arn": null,
            "default_action": [
              {
                "authenticate_cognito": [],
                "authenticate_oidc": [],
                "fixed_response": [],
                "forward": [],
                "order": 1,
                "redirect": [],
                "target_group_arn": "arn:aws:elasticloadbalancing:us-east-1:016855041664:targetgroup/terraform-example-alb-target/2e192cf7486e920f",
                "type": "forward"
              }
            ],
            "id": "arn:aws:elasticloadbalancing:us-east-1:016855041664:listener/app/terraform-example-alb/2c6bc70412814b79/627bf042695ed060",
            "load_balancer_arn": "arn:aws:elasticloadbalancing:us-east-1:016855041664:loadbalancer/app/terraform-example-alb/2c6bc70412814b79",
            "port": 80,
            "protocol": "HTTP",
            "ssl_policy": "",
            "tags": {},
            "tags_all": {},
            "timeouts": null
          },
          "sensitive_attributes": [],
          "private": "eyJlMmJmYjczMC1lY2FhLTExZTYtOGY4OC0zNDM2M2JjN2M0YzAiOnsicmVhZCI6NjAwMDAwMDAwMDAwfX0=",
          "dependencies": [
            "aws_alb.alb",
            "aws_alb_target_group.group",
            "aws_security_group.alb",
            "aws_subnet.web_subnet2",
            "aws_subnet.web_subnet3",
            "aws_vpc.vpc"
          ]
        }
      ]
    },
    {
      "mode": "managed",
      "type": "aws_alb_target_group",
      "name": "group",
      "provider": "provider[\"registry.terraform.io/hashicorp/aws\"]",
      "instances": [
        {
          "schema_version": 0,
          "attributes": {
            "arn": "arn:aws:elasticloadbalancing:us-east-1:016855041664:targetgroup/terraform-example-alb-target/2e192cf7486e920f",
            "arn_suffix": "targetgroup/terraform-example-alb-target/2e192cf7486e920f",
            "connection_termination": false,
            "deregistration_delay": "300",
            "health_check": [
              {
                "enabled": true,
                "healthy_threshold": 3,
                "interval": 30,
                "matcher": "200",
                "path": "/",
                "port": "80",
                "protocol": "HTTP",
                "timeout": 5,
                "unhealthy_threshold": 3
              }
            ],
            "id": "arn:aws:elasticloadbalancing:us-east-1:016855041664:targetgroup/terraform-example-alb-target/2e192cf7486e920f",
            "lambda_multi_value_headers_enabled": false,
            "load_balancing_algorithm_type": "round_robin",
            "name": "terraform-example-alb-target",
            "name_prefix": null,
            "port": 80,
            "preserve_client_ip": null,
            "protocol": "HTTP",
            "protocol_version": "HTTP1",
            "proxy_protocol_v2": false,
            "slow_start": 0,
            "stickiness": [
              {
                "cookie_duration": 86400,
                "cookie_name": "",
                "enabled": true,
                "type": "lb_cookie"
              }
            ],
            "tags": {},
            "tags_all": {},
            "target_type": "instance",
            "vpc_id": "vpc-09a2560ab5bdeced8"
          },
          "sensitive_attributes": [],
          "private": "bnVsbA==",
          "dependencies": [
            "aws_vpc.vpc"
          ]
        }
      ]
    },
    {
      "mode": "managed",
      "type": "aws_ami_from_instance",
      "name": "ec2_image",
      "provider": "provider[\"registry.terraform.io/hashicorp/aws\"]",
      "instances": [
        {
          "schema_version": 0,
          "attributes": {
            "architecture": "x86_64",
            "arn": "arn:aws:ec2:us-east-1::image/ami-05ea117d51a0334f8",
            "description": "",
            "ebs_block_device": [
              {
                "delete_on_termination": true,
                "device_name": "/dev/xvda",
                "encrypted": false,
                "iops": 0,
                "snapshot_id": "snap-07195e64dfa251bbf",
                "throughput": 0,
                "volume_size": 15,
                "volume_type": "gp2"
              }
            ],
            "ena_support": true,
            "ephemeral_block_device": [],
            "hypervisor": "xen",
            "id": "ami-05ea117d51a0334f8",
            "image_location": "016855041664/terraform-example",
            "image_owner_alias": "",
            "image_type": "machine",
            "kernel_id": "",
            "manage_ebs_snapshots": true,
            "name": "terraform-example",
            "owner_id": "016855041664",
            "platform": "",
            "platform_details": "Linux/UNIX",
            "public": false,
            "ramdisk_id": "",
            "root_device_name": "/dev/xvda",
            "root_snapshot_id": "snap-07195e64dfa251bbf",
            "snapshot_without_reboot": null,
            "source_instance_id": "i-0148947189c5be40d",
            "sriov_net_support": "simple",
            "tags": null,
            "tags_all": {},
            "timeouts": null,
            "usage_operation": "RunInstances",
            "virtualization_type": "hvm"
          },
          "sensitive_attributes": [],
          "private": "eyJlMmJmYjczMC1lY2FhLTExZTYtOGY4OC0zNDM2M2JjN2M0YzAiOnsiY3JlYXRlIjoyNDAwMDAwMDAwMDAwLCJkZWxldGUiOjU0MDAwMDAwMDAwMDAsInVwZGF0ZSI6MjQwMDAwMDAwMDAwMH19",
          "dependencies": [
            "aws_instance.app_server"
          ],
          "create_before_destroy": true
        }
      ]
    },
    {
      "mode": "managed",
      "type": "aws_autoscaling_group",
      "name": "ec2",
      "provider": "provider[\"registry.terraform.io/hashicorp/aws\"]",
      "instances": [
        {
          "schema_version": 0,
          "attributes": {
            "arn": "arn:aws:autoscaling:us-east-1:016855041664:autoScalingGroup:93dd1003-af24-413b-8ab9-6784d213af9b:autoScalingGroupName/terraform-20220723014139620400000002",
            "availability_zones": [
              "us-east-1b",
              "us-east-1f"
            ],
            "capacity_rebalance": false,
            "default_cooldown": 300,
            "desired_capacity": 2,
            "enabled_metrics": null,
            "force_delete": false,
            "force_delete_warm_pool": false,
            "health_check_grace_period": 300,
            "health_check_type": "EC2",
            "id": "terraform-20220723014139620400000002",
            "initial_lifecycle_hook": [],
            "instance_refresh": [],
            "launch_configuration": "terraform-20220723014137503500000001",
            "launch_template": [],
            "load_balancers": null,
            "max_instance_lifetime": 0,
            "max_size": 3,
            "metrics_granularity": "1Minute",
            "min_elb_capacity": null,
            "min_size": 2,
            "mixed_instances_policy": [],
            "name": "terraform-20220723014139620400000002",
            "name_prefix": "terraform-",
            "placement_group": "",
            "protect_from_scale_in": false,
            "service_linked_role_arn": "arn:aws:iam::016855041664:role/aws-service-role/autoscaling.amazonaws.com/AWSServiceRoleForAutoScaling",
            "suspended_processes": null,
            "tag": [],
            "tags": null,
            "target_group_arns": [
              "arn:aws:elasticloadbalancing:us-east-1:016855041664:targetgroup/terraform-example-alb-target/2e192cf7486e920f"
            ],
            "termination_policies": null,
            "timeouts": null,
            "vpc_zone_identifier": [
              "subnet-05cddc9fb8b0e7f42",
              "subnet-0c185940f84f1420d"
            ],
            "wait_for_capacity_timeout": "10m",
            "wait_for_elb_capacity": null,
            "warm_pool": []
          },
          "sensitive_attributes": [],
          "private": "eyJlMmJmYjczMC1lY2FhLTExZTYtOGY4OC0zNDM2M2JjN2M0YzAiOnsiZGVsZXRlIjo2MDAwMDAwMDAwMDB9fQ==",
          "dependencies": [
            "aws_alb_target_group.group",
            "aws_ami_from_instance.ec2_image",
            "aws_instance.app_server",
            "aws_launch_configuration.ec2",
            "aws_security_group.web_sg1",
            "aws_security_group.web_sg2",
            "aws_subnet.web_subnet2",
            "aws_subnet.web_subnet3"
          ]
        }
      ]
    },
    {
      "mode": "managed",
      "type": "aws_db_instance",
      "name": "rds",
      "provider": "provider[\"registry.terraform.io/hashicorp/aws\"]",
      "instances": [
        {
          "schema_version": 1,
          "attributes": {
            "address": "terraform-20220723012040691800000001.crq5gsjduwmx.us-east-1.rds.amazonaws.com",
            "allocated_storage": 10,
            "allow_major_version_upgrade": null,
            "apply_immediately": null,
            "arn": "arn:aws:rds:us-east-1:016855041664:db:terraform-20220723012040691800000001",
            "auto_minor_version_upgrade": true,
            "availability_zone": "us-east-1c",
            "backup_retention_period": 0,
            "backup_window": "09:51-10:21",
            "ca_cert_identifier": "rds-ca-2019",
            "character_set_name": "",
            "copy_tags_to_snapshot": false,
            "customer_owned_ip_enabled": false,
            "db_subnet_group_name": "main",
            "delete_automated_backups": true,
            "deletion_protection": false,
            "domain": "",
            "domain_iam_role_name": "",
            "enabled_cloudwatch_logs_exports": [],
            "endpoint": "terraform-20220723012040691800000001.crq5gsjduwmx.us-east-1.rds.amazonaws.com:3306",
            "engine": "mysql",
            "engine_version": "8.0",
            "engine_version_actual": "8.0.28",
            "final_snapshot_identifier": null,
            "hosted_zone_id": "Z2R2ITUGPM61AM",
            "iam_database_authentication_enabled": false,
            "id": "terraform-20220723012040691800000001",
            "identifier": "terraform-20220723012040691800000001",
            "identifier_prefix": null,
            "instance_class": "db.t2.micro",
            "iops": 0,
            "kms_key_id": "",
            "latest_restorable_time": "0001-01-01T00:00:00Z",
            "license_model": "general-public-license",
            "maintenance_window": "sat:07:38-sat:08:08",
            "max_allocated_storage": 0,
            "monitoring_interval": 0,
            "monitoring_role_arn": "",
            "multi_az": false,
            "name": "newdb",
            "nchar_character_set_name": "",
            "option_group_name": "optiongroup-test-terraform",
            "parameter_group_name": "rdsmysql",
            "password": "welcome123",
            "performance_insights_enabled": false,
            "performance_insights_kms_key_id": "",
            "performance_insights_retention_period": 0,
            "port": 3306,
            "publicly_accessible": false,
            "replica_mode": "",
            "replicas": [],
            "replicate_source_db": "",
            "resource_id": "db-GO33KWXHVL22JZVU4IYGMAUVQU",
            "restore_to_point_in_time": [],
            "s3_import": [],
            "security_group_names": [],
            "skip_final_snapshot": true,
            "snapshot_identifier": null,
            "status": "available",
            "storage_encrypted": false,
            "storage_type": "gp2",
            "tags": {
              "Name": "CloudBhai-RDS-MYSQL"
            },
            "tags_all": {
              "Name": "CloudBhai-RDS-MYSQL"
            },
            "timeouts": null,
            "timezone": "",
            "username": "testdb",
            "vpc_security_group_ids": [
              "sg-0ae81c9db8e45ee8c"
            ]
          },
          "sensitive_attributes": [],
          "private": "eyJlMmJmYjczMC1lY2FhLTExZTYtOGY4OC0zNDM2M2JjN2M0YzAiOnsiY3JlYXRlIjoyNDAwMDAwMDAwMDAwLCJkZWxldGUiOjM2MDAwMDAwMDAwMDAsInVwZGF0ZSI6NDgwMDAwMDAwMDAwMH0sInNjaGVtYV92ZXJzaW9uIjoiMSJ9",
          "dependencies": [
            "aws_db_option_group.rds",
            "aws_db_parameter_group.rds",
            "aws_db_subnet_group.rds",
            "aws_security_group.rds",
            "aws_security_group.web_sg1",
            "aws_security_group.web_sg2",
            "aws_subnet.rds_subnet1",
            "aws_subnet.rds_subnet2",
            "aws_vpc.vpc"
          ],
          "create_before_destroy": true
        }
      ]
    },
    {
      "mode": "managed",
      "type": "aws_db_option_group",
      "name": "rds",
      "provider": "provider[\"registry.terraform.io/hashicorp/aws\"]",
      "instances": [
        {
          "schema_version": 0,
          "attributes": {
            "arn": "arn:aws:rds:us-east-1:016855041664:og:optiongroup-test-terraform",
            "engine_name": "mysql",
            "id": "optiongroup-test-terraform",
            "major_engine_version": "8.0",
            "name": "optiongroup-test-terraform",
            "name_prefix": null,
            "option": [
              {
                "db_security_group_memberships": [],
                "option_name": "MARIADB_AUDIT_PLUGIN",
                "option_settings": [
                  {
                    "name": "SERVER_AUDIT_EVENTS",
                    "value": "CONNECT"
                  },
                  {
                    "name": "SERVER_AUDIT_FILE_ROTATIONS",
                    "value": "37"
                  }
                ],
                "port": 0,
                "version": "",
                "vpc_security_group_memberships": []
              }
            ],
            "option_group_description": "Terraform Option Group",
            "tags": {},
            "tags_all": {},
            "timeouts": null
          },
          "sensitive_attributes": [],
          "private": "eyJlMmJmYjczMC1lY2FhLTExZTYtOGY4OC0zNDM2M2JjN2M0YzAiOnsiZGVsZXRlIjo5MDAwMDAwMDAwMDB9fQ==",
          "create_before_destroy": true
        }
      ]
    },
    {
      "mode": "managed",
      "type": "aws_db_parameter_group",
      "name": "rds",
      "provider": "provider[\"registry.terraform.io/hashicorp/aws\"]",
      "instances": [
        {
          "schema_version": 0,
          "attributes": {
            "arn": "arn:aws:rds:us-east-1:016855041664:pg:rdsmysql",
            "description": "Managed by Terraform",
            "family": "mysql8.0",
            "id": "rdsmysql",
            "name": "rdsmysql",
            "name_prefix": null,
            "parameter": [
              {
                "apply_method": "immediate",
                "name": "autocommit",
                "value": "1"
              },
              {
                "apply_method": "immediate",
                "name": "binlog_error_action",
                "value": "IGNORE_ERROR"
              }
            ],
            "tags": {},
            "tags_all": {}
          },
          "sensitive_attributes": [],
          "private": "bnVsbA==",
          "create_before_destroy": true
        }
      ]
    },
    {
      "mode": "managed",
      "type": "aws_db_subnet_group",
      "name": "rds",
      "provider": "provider[\"registry.terraform.io/hashicorp/aws\"]",
      "instances": [
        {
          "schema_version": 0,
          "attributes": {
            "arn": "arn:aws:rds:us-east-1:016855041664:subgrp:main",
            "description": "Managed by Terraform",
            "id": "main",
            "name": "main",
            "name_prefix": null,
            "subnet_ids": [
              "subnet-051c852329d442015",
              "subnet-0ccd23f71569818df"
            ],
            "tags": {
              "Name": "CloudBhai  DB subnet group"
            },
            "tags_all": {
              "Name": "CloudBhai  DB subnet group"
            }
          },
          "sensitive_attributes": [],
          "private": "bnVsbA==",
          "dependencies": [
            "aws_subnet.rds_subnet1",
            "aws_subnet.rds_subnet2",
            "aws_vpc.vpc"
          ],
          "create_before_destroy": true
        }
      ]
    },
    {
      "mode": "managed",
      "type": "aws_instance",
      "name": "app_server",
      "provider": "provider[\"registry.terraform.io/hashicorp/aws\"]",
      "instances": [
        {
          "schema_version": 1,
          "attributes": {
            "ami": "ami-0dc2d3e4c0f9ebd18",
            "arn": "arn:aws:ec2:us-east-1:016855041664:instance/i-0148947189c5be40d",
            "associate_public_ip_address": true,
            "availability_zone": "us-east-1f",
            "capacity_reservation_specification": [
              {
                "capacity_reservation_preference": "open",
                "capacity_reservation_target": []
              }
            ],
            "cpu_core_count": 1,
            "cpu_threads_per_core": 1,
            "credit_specification": [
              {
                "cpu_credits": "standard"
              }
            ],
            "disable_api_termination": false,
            "ebs_block_device": [],
            "ebs_optimized": false,
            "enclave_options": [
              {
                "enabled": false
              }
            ],
            "ephemeral_block_device": [],
            "get_password_data": false,
            "hibernation": false,
            "host_id": null,
            "iam_instance_profile": "",
            "id": "i-0148947189c5be40d",
            "instance_initiated_shutdown_behavior": "terminate",
            "instance_state": "running",
            "instance_type": "t2.micro",
            "ipv6_address_count": 0,
            "ipv6_addresses": [],
            "key_name": "proyecto",
            "launch_template": [],
            "metadata_options": [
              {
                "http_endpoint": "enabled",
                "http_put_response_hop_limit": 1,
                "http_tokens": "optional",
                "instance_metadata_tags": "disabled"
              }
            ],
            "monitoring": false,
            "network_interface": [],
            "outpost_arn": "",
            "password_data": "",
            "placement_group": "",
            "placement_partition_number": null,
            "primary_network_interface_id": "eni-0cf0b93a4c1414f14",
            "private_dns": "ip-10-0-2-38.ec2.internal",
            "private_ip": "10.0.2.38",
            "public_dns": "ec2-34-231-122-132.compute-1.amazonaws.com",
            "public_ip": "34.231.122.132",
            "root_block_device": [
              {
                "delete_on_termination": true,
                "device_name": "/dev/xvda",
                "encrypted": false,
                "iops": 100,
                "kms_key_id": "",
                "tags": {},
                "throughput": 0,
                "volume_id": "vol-081c1315d02c66083",
                "volume_size": 15,
                "volume_type": "gp2"
              }
            ],
            "secondary_private_ips": [],
            "security_groups": [],
            "source_dest_check": true,
            "subnet_id": "subnet-0c185940f84f1420d",
            "tags": {
              "Name": "CloudBhai-EC2-Instance-webserver"
            },
            "tags_all": {
              "Name": "CloudBhai-EC2-Instance-webserver"
            },
            "tenancy": "default",
            "timeouts": null,
            "user_data": null,
            "user_data_base64": "IyEvYmluL2Jhc2gKCiMgSW5zdGFsbCBuZWNlc3NhcnkgZGVwZW5kZW5jaWVzCnN1ZG8geXVtIC15IGluc3RhbGwgZ2l0CnN1ZG8geXVtIHVwZGF0ZSAteQpzdWRvIGFtYXpvbi1saW51eC1leHRyYXMgaW5zdGFsbCAteSBsYW1wLW1hcmlhZGIxMC4yLXBocDcuMiBwaHA3LjIKc3VkbyB5dW0gaW5zdGFsbCAteSBodHRwZCBtYXJpYWRiLXNlcnZlcgpzdWRvIHN5c3RlbWN0bCBzdGFydCBodHRwZApzdWRvIHN5c3RlbWN0bCBlbmFibGUgaHR0cGQKc3VkbyB1c2VybW9kIC1hIC1HIGFwYWNoZSBlYzItdXNlcgpzdWRvIGNob3duIC1SIGVjMi11c2VyOmFwYWNoZSAvdmFyL3d3dwpzdWRvIGNobW9kIDI3NzUgL3Zhci93d3cKY2QgL3Zhci93d3cKbWtkaXIgaW5jCmNkIGluYwplY2hvICI8P3BocApkZWZpbmUoJ0RCX1NFUlZFUicsICd0ZXJyYWZvcm0tMjAyMjA3MjMwMTIwNDA2OTE4MDAwMDAwMDEuY3JxNWdzamR1d214LnVzLWVhc3QtMS5yZHMuYW1hem9uYXdzLmNvbTozMzA2Jyk7CmRlZmluZSgnREJfVVNFUk5BTUUnLCAndGVzdGRiJyk7CmRlZmluZSgnREJfUEFTU1dPUkQnLCAnd2VsY29tZTEyMycpOwpkZWZpbmUoJ0RCX0RBVEFCQVNFJywgJ25ld2RiJyk7Cj8+IiA+IGRiaW5mby5pbmMKCnN1ZG8gZ2l0IGNsb25lIGh0dHBzOi8vZ2l0aHViLmNvbS9hcmluNzYzNy90ZXJyYWZvcm0tY29kZS1yZHMuZ2l0ICYmIGNkIHRlcnJhZm9ybS1jb2RlLXJkcwpzdWRvIGNwIFNhbXBsZVBhZ2UucGhwIGluZGV4Lmh0bWwgIC92YXIvd3d3L2h0bWwvCg==",
            "volume_tags": null,
            "vpc_security_group_ids": [
              "sg-0a3800edba84e4dae",
              "sg-0d6958f768ece9489"
            ]
          },
          "sensitive_attributes": [],
          "private": "eyJlMmJmYjczMC1lY2FhLTExZTYtOGY4OC0zNDM2M2JjN2M0YzAiOnsiY3JlYXRlIjo2MDAwMDAwMDAwMDAsImRlbGV0ZSI6MTIwMDAwMDAwMDAwMCwidXBkYXRlIjo2MDAwMDAwMDAwMDB9LCJzY2hlbWFfdmVyc2lvbiI6IjEifQ==",
          "dependencies": [
            "aws_db_instance.rds",
            "aws_db_option_group.rds",
            "aws_db_parameter_group.rds",
            "aws_db_subnet_group.rds",
            "aws_security_group.rds",
            "aws_security_group.web_sg1",
            "aws_security_group.web_sg2",
            "aws_subnet.rds_subnet1",
            "aws_subnet.rds_subnet2",
            "aws_subnet.web_subnet2",
            "aws_vpc.vpc",
            "data.template_file.init1"
          ],
          "create_before_destroy": true
        }
      ]
    },
    {
      "mode": "managed",
      "type": "aws_internet_gateway",
      "name": "gateway",
      "provider": "provider[\"registry.terraform.io/hashicorp/aws\"]",
      "instances": [
        {
          "schema_version": 0,
          "attributes": {
            "arn": "arn:aws:ec2:us-east-1:016855041664:internet-gateway/igw-0b5cb293d280f1131",
            "id": "igw-0b5cb293d280f1131",
            "owner_id": "016855041664",
            "tags": {
              "Name": "Cloudbhai-example-internet-gateway"
            },
            "tags_all": {
              "Name": "Cloudbhai-example-internet-gateway"
            },
            "vpc_id": "vpc-09a2560ab5bdeced8"
          },
          "sensitive_attributes": [],
          "private": "bnVsbA==",
          "dependencies": [
            "aws_vpc.vpc"
          ]
        }
      ]
    },
    {
      "mode": "managed",
      "type": "aws_launch_configuration",
      "name": "ec2",
      "provider": "provider[\"registry.terraform.io/hashicorp/aws\"]",
      "instances": [
        {
          "schema_version": 0,
          "attributes": {
            "arn": "arn:aws:autoscaling:us-east-1:016855041664:launchConfiguration:e81b56dc-232e-472f-9776-c1b01afc6f6e:launchConfigurationName/terraform-20220723014137503500000001",
            "associate_public_ip_address": false,
            "ebs_block_device": [],
            "ebs_optimized": false,
            "enable_monitoring": true,
            "ephemeral_block_device": [],
            "iam_instance_profile": "",
            "id": "terraform-20220723014137503500000001",
            "image_id": "ami-05ea117d51a0334f8",
            "instance_type": "t2.micro",
            "key_name": "proyecto",
            "metadata_options": [],
            "name": "terraform-20220723014137503500000001",
            "name_prefix": "terraform-",
            "placement_tenancy": null,
            "root_block_device": [],
            "security_groups": [
              "sg-0a3800edba84e4dae",
              "sg-0d6958f768ece9489"
            ],
            "spot_price": "",
            "user_data": null,
            "user_data_base64": null,
            "vpc_classic_link_id": "",
            "vpc_classic_link_security_groups": null
          },
          "sensitive_attributes": [],
          "private": "bnVsbA==",
          "dependencies": [
            "aws_ami_from_instance.ec2_image",
            "aws_instance.app_server",
            "aws_security_group.web_sg1",
            "aws_security_group.web_sg2"
          ],
          "create_before_destroy": true
        }
      ]
    },
    {
      "mode": "managed",
      "type": "aws_route",
      "name": "route",
      "provider": "provider[\"registry.terraform.io/hashicorp/aws\"]",
      "instances": [
        {
          "schema_version": 0,
          "attributes": {
            "carrier_gateway_id": "",
            "destination_cidr_block": "0.0.0.0/0",
            "destination_ipv6_cidr_block": "",
            "destination_prefix_list_id": "",
            "egress_only_gateway_id": "",
            "gateway_id": "igw-0b5cb293d280f1131",
            "id": "r-rtb-0baf1e33796bf33621080289494",
            "instance_id": "",
            "instance_owner_id": "",
            "local_gateway_id": "",
            "nat_gateway_id": "",
            "network_interface_id": "",
            "origin": "CreateRoute",
            "route_table_id": "rtb-0baf1e33796bf3362",
            "state": "active",
            "timeouts": null,
            "transit_gateway_id": "",
            "vpc_endpoint_id": "",
            "vpc_peering_connection_id": ""
          },
          "sensitive_attributes": [],
          "private": "eyJlMmJmYjczMC1lY2FhLTExZTYtOGY4OC0zNDM2M2JjN2M0YzAiOnsiY3JlYXRlIjozMDAwMDAwMDAwMDAsImRlbGV0ZSI6MzAwMDAwMDAwMDAwLCJ1cGRhdGUiOjEyMDAwMDAwMDAwMH19",
          "dependencies": [
            "aws_internet_gateway.gateway",
            "aws_vpc.vpc"
          ]
        }
      ]
    },
    {
      "mode": "managed",
      "type": "aws_security_group",
      "name": "alb",
      "provider": "provider[\"registry.terraform.io/hashicorp/aws\"]",
      "instances": [
        {
          "schema_version": 1,
          "attributes": {
            "arn": "arn:aws:ec2:us-east-1:016855041664:security-group/sg-02af1a3749d6ba234",
            "description": "Terraform load balancer security group",
            "egress": [
              {
                "cidr_blocks": [
                  "0.0.0.0/0"
                ],
                "description": "",
                "from_port": 0,
                "ipv6_cidr_blocks": [],
                "prefix_list_ids": [],
                "protocol": "-1",
                "security_groups": [],
                "self": false,
                "to_port": 0
              }
            ],
            "id": "sg-02af1a3749d6ba234",
            "ingress": [
              {
                "cidr_blocks": [
                  "0.0.0.0/0"
                ],
                "description": "",
                "from_port": 443,
                "ipv6_cidr_blocks": [],
                "prefix_list_ids": [],
                "protocol": "tcp",
                "security_groups": [],
                "self": false,
                "to_port": 443
              },
              {
                "cidr_blocks": [
                  "0.0.0.0/0"
                ],
                "description": "",
                "from_port": 80,
                "ipv6_cidr_blocks": [],
                "prefix_list_ids": [],
                "protocol": "tcp",
                "security_groups": [],
                "self": false,
                "to_port": 80
              }
            ],
            "name": "terraform_alb_security_group",
            "name_prefix": "",
            "owner_id": "016855041664",
            "revoke_rules_on_delete": false,
            "tags": {
              "Name": "CloudBhai-alb-security-group"
            },
            "tags_all": {
              "Name": "CloudBhai-alb-security-group"
            },
            "timeouts": null,
            "vpc_id": "vpc-09a2560ab5bdeced8"
          },
          "sensitive_attributes": [],
          "private": "eyJlMmJmYjczMC1lY2FhLTExZTYtOGY4OC0zNDM2M2JjN2M0YzAiOnsiY3JlYXRlIjo2MDAwMDAwMDAwMDAsImRlbGV0ZSI6OTAwMDAwMDAwMDAwfSwic2NoZW1hX3ZlcnNpb24iOiIxIn0=",
          "dependencies": [
            "aws_vpc.vpc"
          ]
        }
      ]
    },
    {
      "mode": "managed",
      "type": "aws_security_group",
      "name": "rds",
      "provider": "provider[\"registry.terraform.io/hashicorp/aws\"]",
      "instances": [
        {
          "schema_version": 1,
          "attributes": {
            "arn": "arn:aws:ec2:us-east-1:016855041664:security-group/sg-0ae81c9db8e45ee8c",
            "description": "ssh allow to the mysql",
            "egress": [
              {
                "cidr_blocks": [
                  "0.0.0.0/0"
                ],
                "description": "",
                "from_port": 0,
                "ipv6_cidr_blocks": [],
                "prefix_list_ids": [],
                "protocol": "-1",
                "security_groups": [],
                "self": false,
                "to_port": 0
              }
            ],
            "id": "sg-0ae81c9db8e45ee8c",
            "ingress": [
              {
                "cidr_blocks": [],
                "description": "MYSQL",
                "from_port": 3306,
                "ipv6_cidr_blocks": [],
                "prefix_list_ids": [],
                "protocol": "tcp",
                "security_groups": [
                  "sg-0a3800edba84e4dae",
                  "sg-0d6958f768ece9489"
                ],
                "self": false,
                "to_port": 3306
              },
              {
                "cidr_blocks": [],
                "description": "ssh",
                "from_port": 22,
                "ipv6_cidr_blocks": [],
                "prefix_list_ids": [],
                "protocol": "tcp",
                "security_groups": [
                  "sg-0a3800edba84e4dae",
                  "sg-0d6958f768ece9489"
                ],
                "self": false,
                "to_port": 22
              }
            ],
            "name": "mysqlallow",
            "name_prefix": "",
            "owner_id": "016855041664",
            "revoke_rules_on_delete": false,
            "tags": {
              "Name": "CloudBhai-SG OF RDS"
            },
            "tags_all": {
              "Name": "CloudBhai-SG OF RDS"
            },
            "timeouts": null,
            "vpc_id": "vpc-09a2560ab5bdeced8"
          },
          "sensitive_attributes": [],
          "private": "eyJlMmJmYjczMC1lY2FhLTExZTYtOGY4OC0zNDM2M2JjN2M0YzAiOnsiY3JlYXRlIjo2MDAwMDAwMDAwMDAsImRlbGV0ZSI6OTAwMDAwMDAwMDAwfSwic2NoZW1hX3ZlcnNpb24iOiIxIn0=",
          "dependencies": [
            "aws_security_group.web_sg1",
            "aws_security_group.web_sg2",
            "aws_vpc.vpc"
          ],
          "create_before_destroy": true
        }
      ]
    },
    {
      "mode": "managed",
      "type": "aws_security_group",
      "name": "web_sg1",
      "provider": "provider[\"registry.terraform.io/hashicorp/aws\"]",
      "instances": [
        {
          "schema_version": 1,
          "attributes": {
            "arn": "arn:aws:ec2:us-east-1:016855041664:security-group/sg-0a3800edba84e4dae",
            "description": "Terraform example security group",
            "egress": [
              {
                "cidr_blocks": [
                  "0.0.0.0/0"
                ],
                "description": "",
                "from_port": 0,
                "ipv6_cidr_blocks": [],
                "prefix_list_ids": [],
                "protocol": "-1",
                "security_groups": [],
                "self": false,
                "to_port": 0
              }
            ],
            "id": "sg-0a3800edba84e4dae",
            "ingress": [
              {
                "cidr_blocks": [
                  "0.0.0.0/0"
                ],
                "description": "",
                "from_port": 0,
                "ipv6_cidr_blocks": [],
                "prefix_list_ids": [],
                "protocol": "tcp",
                "security_groups": [],
                "self": false,
                "to_port": 22
              },
              {
                "cidr_blocks": [
                  "0.0.0.0/0"
                ],
                "description": "",
                "from_port": 80,
                "ipv6_cidr_blocks": [],
                "prefix_list_ids": [],
                "protocol": "tcp",
                "security_groups": [],
                "self": false,
                "to_port": 80
              }
            ],
            "name": "SG for Instance",
            "name_prefix": "",
            "owner_id": "016855041664",
            "revoke_rules_on_delete": false,
            "tags": {
              "Name": "CloudBhai-WEB-security-group1"
            },
            "tags_all": {
              "Name": "CloudBhai-WEB-security-group1"
            },
            "timeouts": null,
            "vpc_id": "vpc-09a2560ab5bdeced8"
          },
          "sensitive_attributes": [],
          "private": "eyJlMmJmYjczMC1lY2FhLTExZTYtOGY4OC0zNDM2M2JjN2M0YzAiOnsiY3JlYXRlIjo2MDAwMDAwMDAwMDAsImRlbGV0ZSI6OTAwMDAwMDAwMDAwfSwic2NoZW1hX3ZlcnNpb24iOiIxIn0=",
          "dependencies": [
            "aws_vpc.vpc"
          ],
          "create_before_destroy": true
        }
      ]
    },
    {
      "mode": "managed",
      "type": "aws_security_group",
      "name": "web_sg2",
      "provider": "provider[\"registry.terraform.io/hashicorp/aws\"]",
      "instances": [
        {
          "schema_version": 1,
          "attributes": {
            "arn": "arn:aws:ec2:us-east-1:016855041664:security-group/sg-0d6958f768ece9489",
            "description": "Terraform example security group",
            "egress": [
              {
                "cidr_blocks": [
                  "0.0.0.0/0"
                ],
                "description": "",
                "from_port": 0,
                "ipv6_cidr_blocks": [],
                "prefix_list_ids": [],
                "protocol": "-1",
                "security_groups": [],
                "self": false,
                "to_port": 0
              }
            ],
            "id": "sg-0d6958f768ece9489",
            "ingress": [
              {
                "cidr_blocks": [
                  "0.0.0.0/0"
                ],
                "description": "",
                "from_port": 0,
                "ipv6_cidr_blocks": [],
                "prefix_list_ids": [],
                "protocol": "tcp",
                "security_groups": [],
                "self": false,
                "to_port": 22
              },
              {
                "cidr_blocks": [
                  "0.0.0.0/0"
                ],
                "description": "",
                "from_port": 80,
                "ipv6_cidr_blocks": [],
                "prefix_list_ids": [],
                "protocol": "tcp",
                "security_groups": [],
                "self": false,
                "to_port": 80
              }
            ],
            "name": "SG2 for Instance",
            "name_prefix": "",
            "owner_id": "016855041664",
            "revoke_rules_on_delete": false,
            "tags": {
              "Name": "CloudBhai-WEB-security-group2"
            },
            "tags_all": {
              "Name": "CloudBhai-WEB-security-group2"
            },
            "timeouts": null,
            "vpc_id": "vpc-09a2560ab5bdeced8"
          },
          "sensitive_attributes": [],
          "private": "eyJlMmJmYjczMC1lY2FhLTExZTYtOGY4OC0zNDM2M2JjN2M0YzAiOnsiY3JlYXRlIjo2MDAwMDAwMDAwMDAsImRlbGV0ZSI6OTAwMDAwMDAwMDAwfSwic2NoZW1hX3ZlcnNpb24iOiIxIn0=",
          "dependencies": [
            "aws_vpc.vpc"
          ],
          "create_before_destroy": true
        }
      ]
    },
    {
      "mode": "managed",
      "type": "aws_subnet",
      "name": "rds_subnet1",
      "provider": "provider[\"registry.terraform.io/hashicorp/aws\"]",
      "instances": [
        {
          "schema_version": 1,
          "attributes": {
            "arn": "arn:aws:ec2:us-east-1:016855041664:subnet/subnet-0ccd23f71569818df",
            "assign_ipv6_address_on_creation": false,
            "availability_zone": "us-east-1a",
            "availability_zone_id": "use1-az2",
            "cidr_block": "10.0.0.0/24",
            "customer_owned_ipv4_pool": "",
            "enable_dns64": false,
            "enable_resource_name_dns_a_record_on_launch": false,
            "enable_resource_name_dns_aaaa_record_on_launch": false,
            "id": "subnet-0ccd23f71569818df",
            "ipv6_cidr_block": "",
            "ipv6_cidr_block_association_id": "",
            "ipv6_native": false,
            "map_customer_owned_ip_on_launch": false,
            "map_public_ip_on_launch": false,
            "outpost_arn": "",
            "owner_id": "016855041664",
            "private_dns_hostname_type_on_launch": "ip-name",
            "tags": {
              "Name": "CloudBhai_rds_private_subnet1"
            },
            "tags_all": {
              "Name": "CloudBhai_rds_private_subnet1"
            },
            "timeouts": null,
            "vpc_id": "vpc-09a2560ab5bdeced8"
          },
          "sensitive_attributes": [],
          "private": "eyJlMmJmYjczMC1lY2FhLTExZTYtOGY4OC0zNDM2M2JjN2M0YzAiOnsiY3JlYXRlIjo2MDAwMDAwMDAwMDAsImRlbGV0ZSI6MTIwMDAwMDAwMDAwMH0sInNjaGVtYV92ZXJzaW9uIjoiMSJ9",
          "dependencies": [
            "aws_vpc.vpc"
          ],
          "create_before_destroy": true
        }
      ]
    },
    {
      "mode": "managed",
      "type": "aws_subnet",
      "name": "rds_subnet2",
      "provider": "provider[\"registry.terraform.io/hashicorp/aws\"]",
      "instances": [
        {
          "schema_version": 1,
          "attributes": {
            "arn": "arn:aws:ec2:us-east-1:016855041664:subnet/subnet-051c852329d442015",
            "assign_ipv6_address_on_creation": false,
            "availability_zone": "us-east-1c",
            "availability_zone_id": "use1-az6",
            "cidr_block": "10.0.1.0/24",
            "customer_owned_ipv4_pool": "",
            "enable_dns64": false,
            "enable_resource_name_dns_a_record_on_launch": false,
            "enable_resource_name_dns_aaaa_record_on_launch": false,
            "id": "subnet-051c852329d442015",
            "ipv6_cidr_block": "",
            "ipv6_cidr_block_association_id": "",
            "ipv6_native": false,
            "map_customer_owned_ip_on_launch": false,
            "map_public_ip_on_launch": false,
            "outpost_arn": "",
            "owner_id": "016855041664",
            "private_dns_hostname_type_on_launch": "ip-name",
            "tags": {
              "Name": "CloudBhai_rds_private_subnet2"
            },
            "tags_all": {
              "Name": "CloudBhai_rds_private_subnet2"
            },
            "timeouts": null,
            "vpc_id": "vpc-09a2560ab5bdeced8"
          },
          "sensitive_attributes": [],
          "private": "eyJlMmJmYjczMC1lY2FhLTExZTYtOGY4OC0zNDM2M2JjN2M0YzAiOnsiY3JlYXRlIjo2MDAwMDAwMDAwMDAsImRlbGV0ZSI6MTIwMDAwMDAwMDAwMH0sInNjaGVtYV92ZXJzaW9uIjoiMSJ9",
          "dependencies": [
            "aws_vpc.vpc"
          ],
          "create_before_destroy": true
        }
      ]
    },
    {
      "mode": "managed",
      "type": "aws_subnet",
      "name": "web_subnet2",
      "provider": "provider[\"registry.terraform.io/hashicorp/aws\"]",
      "instances": [
        {
          "schema_version": 1,
          "attributes": {
            "arn": "arn:aws:ec2:us-east-1:016855041664:subnet/subnet-0c185940f84f1420d",
            "assign_ipv6_address_on_creation": false,
            "availability_zone": "us-east-1f",
            "availability_zone_id": "use1-az5",
            "cidr_block": "10.0.2.0/24",
            "customer_owned_ipv4_pool": "",
            "enable_dns64": false,
            "enable_resource_name_dns_a_record_on_launch": false,
            "enable_resource_name_dns_aaaa_record_on_launch": false,
            "id": "subnet-0c185940f84f1420d",
            "ipv6_cidr_block": "",
            "ipv6_cidr_block_association_id": "",
            "ipv6_native": false,
            "map_customer_owned_ip_on_launch": false,
            "map_public_ip_on_launch": true,
            "outpost_arn": "",
            "owner_id": "016855041664",
            "private_dns_hostname_type_on_launch": "ip-name",
            "tags": {
              "Name": "CloudBhai-public-subnet2"
            },
            "tags_all": {
              "Name": "CloudBhai-public-subnet2"
            },
            "timeouts": null,
            "vpc_id": "vpc-09a2560ab5bdeced8"
          },
          "sensitive_attributes": [],
          "private": "eyJlMmJmYjczMC1lY2FhLTExZTYtOGY4OC0zNDM2M2JjN2M0YzAiOnsiY3JlYXRlIjo2MDAwMDAwMDAwMDAsImRlbGV0ZSI6MTIwMDAwMDAwMDAwMH0sInNjaGVtYV92ZXJzaW9uIjoiMSJ9",
          "dependencies": [
            "aws_vpc.vpc"
          ],
          "create_before_destroy": true
        }
      ]
    },
    {
      "mode": "managed",
      "type": "aws_subnet",
      "name": "web_subnet3",
      "provider": "provider[\"registry.terraform.io/hashicorp/aws\"]",
      "instances": [
        {
          "schema_version": 1,
          "attributes": {
            "arn": "arn:aws:ec2:us-east-1:016855041664:subnet/subnet-05cddc9fb8b0e7f42",
            "assign_ipv6_address_on_creation": false,
            "availability_zone": "us-east-1b",
            "availability_zone_id": "use1-az4",
            "cidr_block": "10.0.3.0/24",
            "customer_owned_ipv4_pool": "",
            "enable_dns64": false,
            "enable_resource_name_dns_a_record_on_launch": false,
            "enable_resource_name_dns_aaaa_record_on_launch": false,
            "id": "subnet-05cddc9fb8b0e7f42",
            "ipv6_cidr_block": "",
            "ipv6_cidr_block_association_id": "",
            "ipv6_native": false,
            "map_customer_owned_ip_on_launch": false,
            "map_public_ip_on_launch": true,
            "outpost_arn": "",
            "owner_id": "016855041664",
            "private_dns_hostname_type_on_launch": "ip-name",
            "tags": {
              "Name": "CloudBhai-public-subnet3"
            },
            "tags_all": {
              "Name": "CloudBhai-public-subnet3"
            },
            "timeouts": null,
            "vpc_id": "vpc-09a2560ab5bdeced8"
          },
          "sensitive_attributes": [],
          "private": "eyJlMmJmYjczMC1lY2FhLTExZTYtOGY4OC0zNDM2M2JjN2M0YzAiOnsiY3JlYXRlIjo2MDAwMDAwMDAwMDAsImRlbGV0ZSI6MTIwMDAwMDAwMDAwMH0sInNjaGVtYV92ZXJzaW9uIjoiMSJ9",
          "dependencies": [
            "aws_vpc.vpc"
          ]
        }
      ]
    },
    {
      "mode": "managed",
      "type": "aws_vpc",
      "name": "vpc",
      "provider": "provider[\"registry.terraform.io/hashicorp/aws\"]",
      "instances": [
        {
          "schema_version": 1,
          "attributes": {
            "arn": "arn:aws:ec2:us-east-1:016855041664:vpc/vpc-09a2560ab5bdeced8",
            "assign_generated_ipv6_cidr_block": false,
            "cidr_block": "10.0.0.0/16",
            "default_network_acl_id": "acl-07e688747fa9b6e44",
            "default_route_table_id": "rtb-0baf1e33796bf3362",
            "default_security_group_id": "sg-0c1b868c4403bf64d",
            "dhcp_options_id": "dopt-016af42970d8f1613",
            "enable_classiclink": false,
            "enable_classiclink_dns_support": false,
            "enable_dns_hostnames": true,
            "enable_dns_support": true,
            "id": "vpc-09a2560ab5bdeced8",
            "instance_tenancy": "default",
            "ipv4_ipam_pool_id": null,
            "ipv4_netmask_length": null,
            "ipv6_association_id": "",
            "ipv6_cidr_block": "",
            "ipv6_cidr_block_network_border_group": "",
            "ipv6_ipam_pool_id": "",
            "ipv6_netmask_length": 0,
            "main_route_table_id": "rtb-0baf1e33796bf3362",
            "owner_id": "016855041664",
            "tags": {
              "Name": "Cloudbhai-example-vpc"
            },
            "tags_all": {
              "Name": "Cloudbhai-example-vpc"
            }
          },
          "sensitive_attributes": [],
          "private": "eyJzY2hlbWFfdmVyc2lvbiI6IjEifQ==",
          "create_before_destroy": true
        }
      ]
    }
  ]
}
